// !$*UTF8*$!
{
	archiveVersion = 1;
	classes = {
	};
	objectVersion = 56;
	objects = {

/* Begin PBXBuildFile section */
		39D8925A2AFB438800D17A1F /* AppDelegate.swift in Sources */ = {isa = PBXBuildFile; fileRef = 39D892592AFB438800D17A1F /* AppDelegate.swift */; };
		39D8925C2AFB438800D17A1F /* SceneDelegate.swift in Sources */ = {isa = PBXBuildFile; fileRef = 39D8925B2AFB438800D17A1F /* SceneDelegate.swift */; };
		39D892612AFB438800D17A1F /* Main.storyboard in Resources */ = {isa = PBXBuildFile; fileRef = 39D8925F2AFB438800D17A1F /* Main.storyboard */; };
		39D892632AFB438900D17A1F /* Assets.xcassets in Resources */ = {isa = PBXBuildFile; fileRef = 39D892622AFB438900D17A1F /* Assets.xcassets */; };
		39D892662AFB438900D17A1F /* LaunchScreen.storyboard in Resources */ = {isa = PBXBuildFile; fileRef = 39D892642AFB438900D17A1F /* LaunchScreen.storyboard */; };
		39D892752AFB457900D17A1F /* MainTabController.swift in Sources */ = {isa = PBXBuildFile; fileRef = 39D892742AFB457900D17A1F /* MainTabController.swift */; };
		39D892772AFB482900D17A1F /* FeedController.swift in Sources */ = {isa = PBXBuildFile; fileRef = 39D892762AFB482900D17A1F /* FeedController.swift */; };
		39D892792AFB48B900D17A1F /* ExploreController.swift in Sources */ = {isa = PBXBuildFile; fileRef = 39D892782AFB48B900D17A1F /* ExploreController.swift */; };
		39D8927B2AFB48CF00D17A1F /* NotificationsController.swift in Sources */ = {isa = PBXBuildFile; fileRef = 39D8927A2AFB48CF00D17A1F /* NotificationsController.swift */; };
		39D8927D2AFB48E300D17A1F /* ConversationsController.swift in Sources */ = {isa = PBXBuildFile; fileRef = 39D8927C2AFB48E300D17A1F /* ConversationsController.swift */; };
		39D8927F2AFB527900D17A1F /* Extensions.swift in Sources */ = {isa = PBXBuildFile; fileRef = 39D8927E2AFB527900D17A1F /* Extensions.swift */; };
		39D892822AFC159100D17A1F /* LoginController.swift in Sources */ = {isa = PBXBuildFile; fileRef = 39D892812AFC159100D17A1F /* LoginController.swift */; };
		39D892842AFC16A000D17A1F /* RegistrationController.swift in Sources */ = {isa = PBXBuildFile; fileRef = 39D892832AFC16A000D17A1F /* RegistrationController.swift */; };
		39E7B78F2B0BD50800BB5BED /* Utilities.swift in Sources */ = {isa = PBXBuildFile; fileRef = 39E7B78E2B0BD50800BB5BED /* Utilities.swift */; };
		39E7B7912B0C118200BB5BED /* GoogleService-Info.plist in Resources */ = {isa = PBXBuildFile; fileRef = 39E7B7902B0C118200BB5BED /* GoogleService-Info.plist */; };
		602E76E5321708804899C8C3 /* Pods_Twitter.framework in Frameworks */ = {isa = PBXBuildFile; fileRef = 79EDDB9422954CC3D09D8E45 /* Pods_Twitter.framework */; };
/* End PBXBuildFile section */

/* Begin PBXFileReference section */
		39D892562AFB438800D17A1F /* Twitter.app */ = {isa = PBXFileReference; explicitFileType = wrapper.application; includeInIndex = 0; path = Twitter.app; sourceTree = BUILT_PRODUCTS_DIR; };
		39D892592AFB438800D17A1F /* AppDelegate.swift */ = {isa = PBXFileReference; lastKnownFileType = sourcecode.swift; path = AppDelegate.swift; sourceTree = "<group>"; };
		39D8925B2AFB438800D17A1F /* SceneDelegate.swift */ = {isa = PBXFileReference; lastKnownFileType = sourcecode.swift; path = SceneDelegate.swift; sourceTree = "<group>"; };
		39D892602AFB438800D17A1F /* Base */ = {isa = PBXFileReference; lastKnownFileType = file.storyboard; name = Base; path = Base.lproj/Main.storyboard; sourceTree = "<group>"; };
		39D892622AFB438900D17A1F /* Assets.xcassets */ = {isa = PBXFileReference; lastKnownFileType = folder.assetcatalog; path = Assets.xcassets; sourceTree = "<group>"; };
		39D892652AFB438900D17A1F /* Base */ = {isa = PBXFileReference; lastKnownFileType = file.storyboard; name = Base; path = Base.lproj/LaunchScreen.storyboard; sourceTree = "<group>"; };
		39D892672AFB438900D17A1F /* Info.plist */ = {isa = PBXFileReference; lastKnownFileType = text.plist.xml; path = Info.plist; sourceTree = "<group>"; };
		39D892742AFB457900D17A1F /* MainTabController.swift */ = {isa = PBXFileReference; lastKnownFileType = sourcecode.swift; path = MainTabController.swift; sourceTree = "<group>"; };
		39D892762AFB482900D17A1F /* FeedController.swift */ = {isa = PBXFileReference; lastKnownFileType = sourcecode.swift; path = FeedController.swift; sourceTree = "<group>"; };
		39D892782AFB48B900D17A1F /* ExploreController.swift */ = {isa = PBXFileReference; lastKnownFileType = sourcecode.swift; path = ExploreController.swift; sourceTree = "<group>"; };
		39D8927A2AFB48CF00D17A1F /* NotificationsController.swift */ = {isa = PBXFileReference; lastKnownFileType = sourcecode.swift; path = NotificationsController.swift; sourceTree = "<group>"; };
		39D8927C2AFB48E300D17A1F /* ConversationsController.swift */ = {isa = PBXFileReference; lastKnownFileType = sourcecode.swift; path = ConversationsController.swift; sourceTree = "<group>"; };
		39D8927E2AFB527900D17A1F /* Extensions.swift */ = {isa = PBXFileReference; lastKnownFileType = sourcecode.swift; path = Extensions.swift; sourceTree = "<group>"; };
		39D892812AFC159100D17A1F /* LoginController.swift */ = {isa = PBXFileReference; lastKnownFileType = sourcecode.swift; path = LoginController.swift; sourceTree = "<group>"; };
		39D892832AFC16A000D17A1F /* RegistrationController.swift */ = {isa = PBXFileReference; lastKnownFileType = sourcecode.swift; path = RegistrationController.swift; sourceTree = "<group>"; };
		39E7B78E2B0BD50800BB5BED /* Utilities.swift */ = {isa = PBXFileReference; lastKnownFileType = sourcecode.swift; path = Utilities.swift; sourceTree = "<group>"; };
		39E7B7902B0C118200BB5BED /* GoogleService-Info.plist */ = {isa = PBXFileReference; lastKnownFileType = text.plist; path = "GoogleService-Info.plist"; sourceTree = SOURCE_ROOT; };
		46AD13434582E17960A11F1D /* Pods-Twitter.debug.xcconfig */ = {isa = PBXFileReference; includeInIndex = 1; lastKnownFileType = text.xcconfig; name = "Pods-Twitter.debug.xcconfig"; path = "Target Support Files/Pods-Twitter/Pods-Twitter.debug.xcconfig"; sourceTree = "<group>"; };
		56CC7368119B74F70FFC5C32 /* Pods-Twitter.release.xcconfig */ = {isa = PBXFileReference; includeInIndex = 1; lastKnownFileType = text.xcconfig; name = "Pods-Twitter.release.xcconfig"; path = "Target Support Files/Pods-Twitter/Pods-Twitter.release.xcconfig"; sourceTree = "<group>"; };
		79EDDB9422954CC3D09D8E45 /* Pods_Twitter.framework */ = {isa = PBXFileReference; explicitFileType = wrapper.framework; includeInIndex = 0; path = Pods_Twitter.framework; sourceTree = BUILT_PRODUCTS_DIR; };
/* End PBXFileReference section */

/* Begin PBXFrameworksBuildPhase section */
		39D892532AFB438800D17A1F /* Frameworks */ = {
			isa = PBXFrameworksBuildPhase;
			buildActionMask = 2147483647;
			files = (
				602E76E5321708804899C8C3 /* Pods_Twitter.framework in Frameworks */,
			);
			runOnlyForDeploymentPostprocessing = 0;
		};
/* End PBXFrameworksBuildPhase section */

/* Begin PBXGroup section */
		2AD3E42BA01B55A93D0042BD /* Frameworks */ = {
			isa = PBXGroup;
			children = (
				79EDDB9422954CC3D09D8E45 /* Pods_Twitter.framework */,
			);
			name = Frameworks;
			sourceTree = "<group>";
		};
		39D8924D2AFB438800D17A1F = {
			isa = PBXGroup;
			children = (
				39D892582AFB438800D17A1F /* Twitter */,
				39D892572AFB438800D17A1F /* Products */,
				D0ECC95D2B355F6A73327DEE /* Pods */,
				2AD3E42BA01B55A93D0042BD /* Frameworks */,
			);
			sourceTree = "<group>";
		};
		39D892572AFB438800D17A1F /* Products */ = {
			isa = PBXGroup;
			children = (
				39D892562AFB438800D17A1F /* Twitter.app */,
			);
			name = Products;
			sourceTree = "<group>";
		};
		39D892582AFB438800D17A1F /* Twitter */ = {
			isa = PBXGroup;
			children = (
				39D892732AFB44BA00D17A1F /* Model */,
				39D892722AFB44B800D17A1F /* View */,
				39D892712AFB44B600D17A1F /* ViewModel */,
				39D892702AFB44B300D17A1F /* Controller */,
				39D8926F2AFB44B100D17A1F /* API */,
				39D8926E2AFB44B000D17A1F /* Utils */,
				39D892592AFB438800D17A1F /* AppDelegate.swift */,
				39D8925B2AFB438800D17A1F /* SceneDelegate.swift */,
				39D8925F2AFB438800D17A1F /* Main.storyboard */,
				39D892622AFB438900D17A1F /* Assets.xcassets */,
				39D892642AFB438900D17A1F /* LaunchScreen.storyboard */,
				39D892672AFB438900D17A1F /* Info.plist */,
				39E7B7902B0C118200BB5BED /* GoogleService-Info.plist */,
			);
			path = Twitter;
			sourceTree = "<group>";
		};
		39D8926E2AFB44B000D17A1F /* Utils */ = {
			isa = PBXGroup;
			children = (
				39D8927E2AFB527900D17A1F /* Extensions.swift */,
				39E7B78E2B0BD50800BB5BED /* Utilities.swift */,
			);
			path = Utils;
			sourceTree = "<group>";
		};
		39D8926F2AFB44B100D17A1F /* API */ = {
			isa = PBXGroup;
			children = (
			);
			path = API;
			sourceTree = "<group>";
		};
		39D892702AFB44B300D17A1F /* Controller */ = {
			isa = PBXGroup;
			children = (
				39D892802AFC157B00D17A1F /* Authentication */,
				39D892742AFB457900D17A1F /* MainTabController.swift */,
				39D892762AFB482900D17A1F /* FeedController.swift */,
				39D892782AFB48B900D17A1F /* ExploreController.swift */,
				39D8927A2AFB48CF00D17A1F /* NotificationsController.swift */,
				39D8927C2AFB48E300D17A1F /* ConversationsController.swift */,
			);
			path = Controller;
			sourceTree = "<group>";
		};
		39D892712AFB44B600D17A1F /* ViewModel */ = {
			isa = PBXGroup;
			children = (
			);
			path = ViewModel;
			sourceTree = "<group>";
		};
		39D892722AFB44B800D17A1F /* View */ = {
			isa = PBXGroup;
			children = (
			);
			path = View;
			sourceTree = "<group>";
		};
		39D892732AFB44BA00D17A1F /* Model */ = {
			isa = PBXGroup;
			children = (
			);
			path = Model;
			sourceTree = "<group>";
		};
		39D892802AFC157B00D17A1F /* Authentication */ = {
			isa = PBXGroup;
			children = (
				39D892812AFC159100D17A1F /* LoginController.swift */,
				39D892832AFC16A000D17A1F /* RegistrationController.swift */,
			);
			path = Authentication;
			sourceTree = "<group>";
		};
		D0ECC95D2B355F6A73327DEE /* Pods */ = {
			isa = PBXGroup;
			children = (
				46AD13434582E17960A11F1D /* Pods-Twitter.debug.xcconfig */,
				56CC7368119B74F70FFC5C32 /* Pods-Twitter.release.xcconfig */,
			);
			name = Pods;
			path = Pods;
			sourceTree = "<group>";
		};
/* End PBXGroup section */

/* Begin PBXNativeTarget section */
		39D892552AFB438800D17A1F /* Twitter */ = {
			isa = PBXNativeTarget;
			buildConfigurationList = 39D8926A2AFB438900D17A1F /* Build configuration list for PBXNativeTarget "Twitter" */;
			buildPhases = (
				38B8211F3A808E8E16B52F44 /* [CP] Check Pods Manifest.lock */,
				39D892522AFB438800D17A1F /* Sources */,
				39D892532AFB438800D17A1F /* Frameworks */,
				39D892542AFB438800D17A1F /* Resources */,
				8C02508DC2EB7E13682700EC /* [CP] Embed Pods Frameworks */,
			);
			buildRules = (
			);
			dependencies = (
			);
			name = Twitter;
			productName = Twitter;
			productReference = 39D892562AFB438800D17A1F /* Twitter.app */;
			productType = "com.apple.product-type.application";
		};
/* End PBXNativeTarget section */

/* Begin PBXProject section */
		39D8924E2AFB438800D17A1F /* Project object */ = {
			isa = PBXProject;
			attributes = {
				BuildIndependentTargetsInParallel = 1;
				LastSwiftUpdateCheck = 1430;
				LastUpgradeCheck = 1430;
				TargetAttributes = {
					39D892552AFB438800D17A1F = {
						CreatedOnToolsVersion = 14.3.1;
					};
				};
			};
			buildConfigurationList = 39D892512AFB438800D17A1F /* Build configuration list for PBXProject "Twitter" */;
			compatibilityVersion = "Xcode 14.0";
			developmentRegion = en;
			hasScannedForEncodings = 0;
			knownRegions = (
				en,
				Base,
			);
			mainGroup = 39D8924D2AFB438800D17A1F;
			productRefGroup = 39D892572AFB438800D17A1F /* Products */;
			projectDirPath = "";
			projectRoot = "";
			targets = (
				39D892552AFB438800D17A1F /* Twitter */,
			);
		};
/* End PBXProject section */

/* Begin PBXResourcesBuildPhase section */
		39D892542AFB438800D17A1F /* Resources */ = {
			isa = PBXResourcesBuildPhase;
			buildActionMask = 2147483647;
			files = (
				39D892662AFB438900D17A1F /* LaunchScreen.storyboard in Resources */,
				39E7B7912B0C118200BB5BED /* GoogleService-Info.plist in Resources */,
				39D892632AFB438900D17A1F /* Assets.xcassets in Resources */,
				39D892612AFB438800D17A1F /* Main.storyboard in Resources */,
			);
			runOnlyForDeploymentPostprocessing = 0;
		};
/* End PBXResourcesBuildPhase section */

/* Begin PBXShellScriptBuildPhase section */
		38B8211F3A808E8E16B52F44 /* [CP] Check Pods Manifest.lock */ = {
			isa = PBXShellScriptBuildPhase;
			buildActionMask = 2147483647;
			files = (
			);
			inputFileListPaths = (
			);
			inputPaths = (
				"${PODS_PODFILE_DIR_PATH}/Podfile.lock",
				"${PODS_ROOT}/Manifest.lock",
			);
			name = "[CP] Check Pods Manifest.lock";
			outputFileListPaths = (
			);
			outputPaths = (
				"$(DERIVED_FILE_DIR)/Pods-Twitter-checkManifestLockResult.txt",
			);
			runOnlyForDeploymentPostprocessing = 0;
			shellPath = /bin/sh;
			shellScript = "diff \"${PODS_PODFILE_DIR_PATH}/Podfile.lock\" \"${PODS_ROOT}/Manifest.lock\" > /dev/null\nif [ $? != 0 ] ; then\n    # print error to STDERR\n    echo \"error: The sandbox is not in sync with the Podfile.lock. Run 'pod install' or update your CocoaPods installation.\" >&2\n    exit 1\nfi\n# This output is used by Xcode 'outputs' to avoid re-running this script phase.\necho \"SUCCESS\" > \"${SCRIPT_OUTPUT_FILE_0}\"\n";
			showEnvVarsInLog = 0;
		};
		8C02508DC2EB7E13682700EC /* [CP] Embed Pods Frameworks */ = {
			isa = PBXShellScriptBuildPhase;
			buildActionMask = 2147483647;
			files = (
			);
			inputFileListPaths = (
				"${PODS_ROOT}/Target Support Files/Pods-Twitter/Pods-Twitter-frameworks-${CONFIGURATION}-input-files.xcfilelist",
			);
			name = "[CP] Embed Pods Frameworks";
			outputFileListPaths = (
				"${PODS_ROOT}/Target Support Files/Pods-Twitter/Pods-Twitter-frameworks-${CONFIGURATION}-output-files.xcfilelist",
			);
			runOnlyForDeploymentPostprocessing = 0;
			shellPath = /bin/sh;
			shellScript = "\"${PODS_ROOT}/Target Support Files/Pods-Twitter/Pods-Twitter-frameworks.sh\"\n";
			showEnvVarsInLog = 0;
		};
/* End PBXShellScriptBuildPhase section */

/* Begin PBXSourcesBuildPhase section */
		39D892522AFB438800D17A1F /* Sources */ = {
			isa = PBXSourcesBuildPhase;
			buildActionMask = 2147483647;
			files = (
				39D8927B2AFB48CF00D17A1F /* NotificationsController.swift in Sources */,
				39D8927D2AFB48E300D17A1F /* ConversationsController.swift in Sources */,
				39E7B78F2B0BD50800BB5BED /* Utilities.swift in Sources */,
				39D8925A2AFB438800D17A1F /* AppDelegate.swift in Sources */,
				39D8927F2AFB527900D17A1F /* Extensions.swift in Sources */,
				39D892822AFC159100D17A1F /* LoginController.swift in Sources */,
				39D892792AFB48B900D17A1F /* ExploreController.swift in Sources */,
				39D8925C2AFB438800D17A1F /* SceneDelegate.swift in Sources */,
				39D892752AFB457900D17A1F /* MainTabController.swift in Sources */,
				39D892842AFC16A000D17A1F /* RegistrationController.swift in Sources */,
				39D892772AFB482900D17A1F /* FeedController.swift in Sources */,
			);
			runOnlyForDeploymentPostprocessing = 0;
		};
/* End PBXSourcesBuildPhase section */

/* Begin PBXVariantGroup section */
		39D8925F2AFB438800D17A1F /* Main.storyboard */ = {
			isa = PBXVariantGroup;
			children = (
				39D892602AFB438800D17A1F /* Base */,
			);
			name = Main.storyboard;
			sourceTree = "<group>";
		};
		39D892642AFB438900D17A1F /* LaunchScreen.storyboard */ = {
			isa = PBXVariantGroup;
			children = (
				39D892652AFB438900D17A1F /* Base */,
			);
			name = LaunchScreen.storyboard;
			sourceTree = "<group>";
		};
/* End PBXVariantGroup section */

/* Begin XCBuildConfiguration section */
		39D892682AFB438900D17A1F /* Debug */ = {
			isa = XCBuildConfiguration;
			buildSettings = {
				ALWAYS_SEARCH_USER_PATHS = NO;
				CLANG_ANALYZER_NONNULL = YES;
				CLANG_ANALYZER_NUMBER_OBJECT_CONVERSION = YES_AGGRESSIVE;
				CLANG_CXX_LANGUAGE_STANDARD = "gnu++20";
				CLANG_ENABLE_MODULES = YES;
				CLANG_ENABLE_OBJC_ARC = YES;
				CLANG_ENABLE_OBJC_WEAK = YES;
				CLANG_WARN_BLOCK_CAPTURE_AUTORELEASING = YES;
				CLANG_WARN_BOOL_CONVERSION = YES;
				CLANG_WARN_COMMA = YES;
				CLANG_WARN_CONSTANT_CONVERSION = YES;
				CLANG_WARN_DEPRECATED_OBJC_IMPLEMENTATIONS = YES;
				CLANG_WARN_DIRECT_OBJC_ISA_USAGE = YES_ERROR;
				CLANG_WARN_DOCUMENTATION_COMMENTS = YES;
				CLANG_WARN_EMPTY_BODY = YES;
				CLANG_WARN_ENUM_CONVERSION = YES;
				CLANG_WARN_INFINITE_RECURSION = YES;
				CLANG_WARN_INT_CONVERSION = YES;
				CLANG_WARN_NON_LITERAL_NULL_CONVERSION = YES;
				CLANG_WARN_OBJC_IMPLICIT_RETAIN_SELF = YES;
				CLANG_WARN_OBJC_LITERAL_CONVERSION = YES;
				CLANG_WARN_OBJC_ROOT_CLASS = YES_ERROR;
				CLANG_WARN_QUOTED_INCLUDE_IN_FRAMEWORK_HEADER = YES;
				CLANG_WARN_RANGE_LOOP_ANALYSIS = YES;
				CLANG_WARN_STRICT_PROTOTYPES = YES;
				CLANG_WARN_SUSPICIOUS_MOVE = YES;
				CLANG_WARN_UNGUARDED_AVAILABILITY = YES_AGGRESSIVE;
				CLANG_WARN_UNREACHABLE_CODE = YES;
				CLANG_WARN__DUPLICATE_METHOD_MATCH = YES;
				COPY_PHASE_STRIP = NO;
				DEBUG_INFORMATION_FORMAT = dwarf;
				ENABLE_STRICT_OBJC_MSGSEND = YES;
				ENABLE_TESTABILITY = YES;
				GCC_C_LANGUAGE_STANDARD = gnu11;
				GCC_DYNAMIC_NO_PIC = NO;
				GCC_NO_COMMON_BLOCKS = YES;
				GCC_OPTIMIZATION_LEVEL = 0;
				GCC_PREPROCESSOR_DEFINITIONS = (
					"DEBUG=1",
					"$(inherited)",
				);
				GCC_WARN_64_TO_32_BIT_CONVERSION = YES;
				GCC_WARN_ABOUT_RETURN_TYPE = YES_ERROR;
				GCC_WARN_UNDECLARED_SELECTOR = YES;
				GCC_WARN_UNINITIALIZED_AUTOS = YES_AGGRESSIVE;
				GCC_WARN_UNUSED_FUNCTION = YES;
				GCC_WARN_UNUSED_VARIABLE = YES;
				IPHONEOS_DEPLOYMENT_TARGET = 16.4;
				MTL_ENABLE_DEBUG_INFO = INCLUDE_SOURCE;
				MTL_FAST_MATH = YES;
				ONLY_ACTIVE_ARCH = YES;
				SDKROOT = iphoneos;
				SWIFT_ACTIVE_COMPILATION_CONDITIONS = DEBUG;
				SWIFT_OPTIMIZATION_LEVEL = "-Onone";
			};
			name = Debug;
		};
		39D892692AFB438900D17A1F /* Release */ = {
			isa = XCBuildConfiguration;
			buildSettings = {
				ALWAYS_SEARCH_USER_PATHS = NO;
				CLANG_ANALYZER_NONNULL = YES;
				CLANG_ANALYZER_NUMBER_OBJECT_CONVERSION = YES_AGGRESSIVE;
				CLANG_CXX_LANGUAGE_STANDARD = "gnu++20";
				CLANG_ENABLE_MODULES = YES;
				CLANG_ENABLE_OBJC_ARC = YES;
				CLANG_ENABLE_OBJC_WEAK = YES;
				CLANG_WARN_BLOCK_CAPTURE_AUTORELEASING = YES;
				CLANG_WARN_BOOL_CONVERSION = YES;
				CLANG_WARN_COMMA = YES;
				CLANG_WARN_CONSTANT_CONVERSION = YES;
				CLANG_WARN_DEPRECATED_OBJC_IMPLEMENTATIONS = YES;
				CLANG_WARN_DIRECT_OBJC_ISA_USAGE = YES_ERROR;
				CLANG_WARN_DOCUMENTATION_COMMENTS = YES;
				CLANG_WARN_EMPTY_BODY = YES;
				CLANG_WARN_ENUM_CONVERSION = YES;
				CLANG_WARN_INFINITE_RECURSION = YES;
				CLANG_WARN_INT_CONVERSION = YES;
				CLANG_WARN_NON_LITERAL_NULL_CONVERSION = YES;
				CLANG_WARN_OBJC_IMPLICIT_RETAIN_SELF = YES;
				CLANG_WARN_OBJC_LITERAL_CONVERSION = YES;
				CLANG_WARN_OBJC_ROOT_CLASS = YES_ERROR;
				CLANG_WARN_QUOTED_INCLUDE_IN_FRAMEWORK_HEADER = YES;
				CLANG_WARN_RANGE_LOOP_ANALYSIS = YES;
				CLANG_WARN_STRICT_PROTOTYPES = YES;
				CLANG_WARN_SUSPICIOUS_MOVE = YES;
				CLANG_WARN_UNGUARDED_AVAILABILITY = YES_AGGRESSIVE;
				CLANG_WARN_UNREACHABLE_CODE = YES;
				CLANG_WARN__DUPLICATE_METHOD_MATCH = YES;
				COPY_PHASE_STRIP = NO;
				DEBUG_INFORMATION_FORMAT = "dwarf-with-dsym";
				ENABLE_NS_ASSERTIONS = NO;
				ENABLE_STRICT_OBJC_MSGSEND = YES;
				GCC_C_LANGUAGE_STANDARD = gnu11;
				GCC_NO_COMMON_BLOCKS = YES;
				GCC_WARN_64_TO_32_BIT_CONVERSION = YES;
				GCC_WARN_ABOUT_RETURN_TYPE = YES_ERROR;
				GCC_WARN_UNDECLARED_SELECTOR = YES;
				GCC_WARN_UNINITIALIZED_AUTOS = YES_AGGRESSIVE;
				GCC_WARN_UNUSED_FUNCTION = YES;
				GCC_WARN_UNUSED_VARIABLE = YES;
				IPHONEOS_DEPLOYMENT_TARGET = 16.4;
				MTL_ENABLE_DEBUG_INFO = NO;
				MTL_FAST_MATH = YES;
				SDKROOT = iphoneos;
				SWIFT_COMPILATION_MODE = wholemodule;
				SWIFT_OPTIMIZATION_LEVEL = "-O";
				VALIDATE_PRODUCT = YES;
			};
			name = Release;
		};
		39D8926B2AFB438900D17A1F /* Debug */ = {
			isa = XCBuildConfiguration;
			baseConfigurationReference = 46AD13434582E17960A11F1D /* Pods-Twitter.debug.xcconfig */;
			buildSettings = {
				ASSETCATALOG_COMPILER_APPICON_NAME = AppIcon;
				ASSETCATALOG_COMPILER_GLOBAL_ACCENT_COLOR_NAME = AccentColor;
				CODE_SIGN_STYLE = Automatic;
				CURRENT_PROJECT_VERSION = 1;
				DEVELOPMENT_TEAM = F4J982XF72;
				GENERATE_INFOPLIST_FILE = YES;
				INFOPLIST_FILE = Twitter/Info.plist;
				INFOPLIST_KEY_UIApplicationSupportsIndirectInputEvents = YES;
				INFOPLIST_KEY_UILaunchStoryboardName = LaunchScreen;
				INFOPLIST_KEY_UIMainStoryboardFile = Main;
				INFOPLIST_KEY_UISupportedInterfaceOrientations_iPad = "UIInterfaceOrientationPortrait UIInterfaceOrientationPortraitUpsideDown UIInterfaceOrientationLandscapeLeft UIInterfaceOrientationLandscapeRight";
				INFOPLIST_KEY_UISupportedInterfaceOrientations_iPhone = "UIInterfaceOrientationPortrait UIInterfaceOrientationLandscapeLeft UIInterfaceOrientationLandscapeRight";
				LD_RUNPATH_SEARCH_PATHS = (
					"$(inherited)",
					"@executable_path/Frameworks",
				);
				MARKETING_VERSION = 1.0;
				PRODUCT_BUNDLE_IDENTIFIER = "David-Perez.Twitter";
				PRODUCT_NAME = "$(TARGET_NAME)";
				SWIFT_EMIT_LOC_STRINGS = YES;
				SWIFT_VERSION = 5.0;
				TARGETED_DEVICE_FAMILY = "1,2";
			};
			name = Debug;
		};
		39D8926C2AFB438900D17A1F /* Release */ = {
			isa = XCBuildConfiguration;
			baseConfigurationReference = 56CC7368119B74F70FFC5C32 /* Pods-Twitter.release.xcconfig */;
			buildSettings = {
				ASSETCATALOG_COMPILER_APPICON_NAME = AppIcon;
				ASSETCATALOG_COMPILER_GLOBAL_ACCENT_COLOR_NAME = AccentColor;
				CODE_SIGN_STYLE = Automatic;
				CURRENT_PROJECT_VERSION = 1;
				DEVELOPMENT_TEAM = F4J982XF72;
				GENERATE_INFOPLIST_FILE = YES;
				INFOPLIST_FILE = Twitter/Info.plist;
				INFOPLIST_KEY_UIApplicationSupportsIndirectInputEvents = YES;
				INFOPLIST_KEY_UILaunchStoryboardName = LaunchScreen;
				INFOPLIST_KEY_UIMainStoryboardFile = Main;
				INFOPLIST_KEY_UISupportedInterfaceOrientations_iPad = "UIInterfaceOrientationPortrait UIInterfaceOrientationPortraitUpsideDown UIInterfaceOrientationLandscapeLeft UIInterfaceOrientationLandscapeRight";
				INFOPLIST_KEY_UISupportedInterfaceOrientations_iPhone = "UIInterfaceOrientationPortrait UIInterfaceOrientationLandscapeLeft UIInterfaceOrientationLandscapeRight";
				LD_RUNPATH_SEARCH_PATHS = (
					"$(inherited)",
					"@executable_path/Frameworks",
				);
				MARKETING_VERSION = 1.0;
				PRODUCT_BUNDLE_IDENTIFIER = "David-Perez.Twitter";
				PRODUCT_NAME = "$(TARGET_NAME)";
				SWIFT_EMIT_LOC_STRINGS = YES;
				SWIFT_VERSION = 5.0;
				TARGETED_DEVICE_FAMILY = "1,2";
			};
			name = Release;
		};
/* End XCBuildConfiguration section */

/* Begin XCConfigurationList section */
		39D892512AFB438800D17A1F /* Build configuration list for PBXProject "Twitter" */ = {
			isa = XCConfigurationList;
			buildConfigurations = (
				39D892682AFB438900D17A1F /* Debug */,
				39D892692AFB438900D17A1F /* Release */,
			);
			defaultConfigurationIsVisible = 0;
			defaultConfigurationName = Release;
		};
		39D8926A2AFB438900D17A1F /* Build configuration list for PBXNativeTarget "Twitter" */ = {
			isa = XCConfigurationList;
			buildConfigurations = (
				39D8926B2AFB438900D17A1F /* Debug */,
				39D8926C2AFB438900D17A1F /* Release */,
			);
			defaultConfigurationIsVisible = 0;
			defaultConfigurationName = Release;
		};
/* End XCConfigurationList section */
	};
	rootObject = 39D8924E2AFB438800D17A1F /* Project object */;
}
